
Microsoft Visual Studio Solution File, Format Version 12.00
# Visual Studio Version 16
VisualStudioVersion = 16.0.31321.278
MinimumVisualStudioVersion = 10.0.40219.1
Project("{FAE04EC0-301F-11D3-BF4B-00C04F79EFBC}") = "UDP.Client", "UDP.Client\UDP.Client.csproj", "{CDEFD032-E03F-4503-92A3-ED1D3C3A1529}"
EndProject
Global
	GlobalSection(SolutionConfigurationPlatforms) = preSolution
		Debug|Any CPU = Debug|Any CPU
		Release|Any CPU = Release|Any CPU
	EndGlobalSection
	GlobalSection(ProjectConfigurationPlatforms) = postSolution
		{CDEFD032-E03F-4503-92A3-ED1D3C3A1529}.Debug|Any CPU.ActiveCfg = Debug|Any CPU
		{CDEFD032-E03F-4503-92A3-ED1D3C3A1529}.Debug|Any CPU.Build.0 = Debug|Any CPU
		{CDEFD032-E03F-4503-92A3-ED1D3C3A1529}.Release|Any CPU.ActiveCfg = Release|Any CPU
		{CDEFD032-E03F-4503-92A3-ED1D3C3A1529}.Release|Any CPU.Build.0 = Release|Any CPU
	EndGlobalSection
	GlobalSection(SolutionProperties) = preSolution
		HideSolutionNode = FALSE
	EndGlobalSection
	GlobalSection(ExtensibilityGlobals) = postSolution
		SolutionGuid = {C596E059-1432-447D-B6A9-FA9164EAC6D4}
	EndGlobalSection
EndGlobal
